
Microsoft Visual Studio Solution File, Format Version 12.00
Project("{FAE04EC0-301F-11D3-BF4B-00C04F79EFBC}") = "BitCoinCalculator_new", "BitCoinCalculator_new\BitCoinCalculator_new.csproj", "{DA1C2144-B174-4887-8468-B0E0EF6FF6F0}"
EndProject
Global
	GlobalSection(SolutionConfigurationPlatforms) = preSolution
		Debug|Any CPU = Debug|Any CPU
		Release|Any CPU = Release|Any CPU
	EndGlobalSection
	GlobalSection(ProjectConfigurationPlatforms) = postSolution
		{DA1C2144-B174-4887-8468-B0E0EF6FF6F0}.Debug|Any CPU.ActiveCfg = Debug|Any CPU
		{DA1C2144-B174-4887-8468-B0E0EF6FF6F0}.Debug|Any CPU.Build.0 = Debug|Any CPU
		{DA1C2144-B174-4887-8468-B0E0EF6FF6F0}.Release|Any CPU.ActiveCfg = Release|Any CPU
		{DA1C2144-B174-4887-8468-B0E0EF6FF6F0}.Release|Any CPU.Build.0 = Release|Any CPU
	EndGlobalSection
EndGlobal
